# @generated by Move, please check-in and do not edit manually.

[move]
version = 3
manifest_digest = "D705E689CD7CFCAE6F186F28E491B7953C6E7F106702DD159010DCED1550877C"
deps_digest = "F8BBB0CCB2491CA29A3DF03D6F92277A4F3574266507ACD77214D37ECA3F3082"
dependencies = [
  { id = "Iota", name = "Iota" },
]

[[move.package]]
id = "Iota"
source = { git = "https://github.com/iotaledger/iota.git", rev = "testnet", subdir = "crates/iota-framework/packages/iota-framework" }

dependencies = [
  { id = "MoveStdlib", name = "MoveStdlib" },
]

[[move.package]]
id = "MoveStdlib"
source = { git = "https://github.com/iotaledger/iota.git", rev = "testnet", subdir = "crates/iota-framework/packages/move-stdlib" }

[move.toolchain-version]
compiler-version = "1.0.0"
edition = "2024.beta"
flavor = "iota"

[env]

[env.localnet]
chain-id = "a8882430"
original-published-id = "0xbd3c33d941582e0661205629f127a51c4eb0db0a46d0c4cb0930f3e06a83a49a"
latest-published-id = "0xbd3c33d941582e0661205629f127a51c4eb0db0a46d0c4cb0930f3e06a83a49a"
published-version = "1"
