# @generated by Move, please check-in and do not edit manually.

[move]
version = 3
manifest_digest = "4F122CC21D4312B61BEB0D36725D055EAC3A7AA73CC9EB21369C80B7C380D13B"
deps_digest = "F8BBB0CCB2491CA29A3DF03D6F92277A4F3574266507ACD77214D37ECA3F3082"
dependencies = [
  { id = "Iota", name = "Iota" },
]

[[move.package]]
id = "Iota"
source = { git = "https://github.com/iotaledger/iota.git", rev = "testnet", subdir = "crates/iota-framework/packages/iota-framework" }

dependencies = [
  { id = "MoveStdlib", name = "MoveStdlib" },
]

[[move.package]]
id = "MoveStdlib"
source = { git = "https://github.com/iotaledger/iota.git", rev = "testnet", subdir = "crates/iota-framework/packages/move-stdlib" }

[move.toolchain-version]
compiler-version = "1.2.2-rc"
edition = "2024.beta"
flavor = "iota"

[env]

[env.localnet]
chain-id = "b7a9f66e"
original-published-id = "0xa3c7f14e9d8db5153a3153722a0807dc5cfa1a3274461919a99af3d3aaf1b3fa"
latest-published-id = "0xa3c7f14e9d8db5153a3153722a0807dc5cfa1a3274461919a99af3d3aaf1b3fa"
published-version = "1"
