# @generated by Move, please check-in and do not edit manually.

[move]
version = 3
manifest_digest = "AC87DC004E5902F1F4E76F9F5AFB0BC37D94537BFDD7C7877672D6B701C4FCF5"
deps_digest = "F8BBB0CCB2491CA29A3DF03D6F92277A4F3574266507ACD77214D37ECA3F3082"
dependencies = [
  { id = "Iota", name = "Iota" },
]

[[move.package]]
id = "Iota"
source = { git = "https://github.com/iotaledger/iota.git", rev = "testnet", subdir = "crates/iota-framework/packages/iota-framework" }

dependencies = [
  { id = "MoveStdlib", name = "MoveStdlib" },
]

[[move.package]]
id = "MoveStdlib"
source = { git = "https://github.com/iotaledger/iota.git", rev = "testnet", subdir = "crates/iota-framework/packages/move-stdlib" }

[move.toolchain-version]
compiler-version = "1.23.2-rc"
edition = "2024.beta"
flavor = "iota"

[env]

[env.testnet]
chain-id = "2304aa97"
original-published-id = "0x1d5ac23bc9ba4138ca162ed591e6b1ca921442011ae28450e05b5bfd74002ce0"
latest-published-id = "0x1d5ac23bc9ba4138ca162ed591e6b1ca921442011ae28450e05b5bfd74002ce0"
published-version = "1"
