# @generated by Move, please check-in and do not edit manually.

[move]
version = 3
manifest_digest = "48558E332D4BA9E4E6D49C35D8181013F90E472172673DC128C5B82E70E2A387"
deps_digest = "F8BBB0CCB2491CA29A3DF03D6F92277A4F3574266507ACD77214D37ECA3F3082"
dependencies = [
  { id = "Iota", name = "Iota" },
]

[[move.package]]
id = "Iota"
source = { git = "https://github.com/iotaledger/iota.git", rev = "testnet", subdir = "crates/iota-framework/packages/iota-framework" }

dependencies = [
  { id = "MoveStdlib", name = "MoveStdlib" },
]

[[move.package]]
id = "MoveStdlib"
source = { git = "https://github.com/iotaledger/iota.git", rev = "testnet", subdir = "crates/iota-framework/packages/move-stdlib" }

[move.toolchain-version]
compiler-version = "1.24.0-rc"
edition = "2024.beta"
flavor = "iota"

[env]

[env.testnet]
chain-id = "2304aa97"
original-published-id = "0x728e2ae15c732ba68814ef7720b649b11a184a95aadb6b1a2ec93ade4590185e"
latest-published-id = "0x77e3824ed86d5bb9e0b1bc7e71d2b644c775d0d54f59a29a3b4c3ac9e1fb82ab"
published-version = "2"
