# @generated by Move, please check-in and do not edit manually.

[move]
version = 3
manifest_digest = "FCFE628621518F26708DFA2A834440E50F770A4671DB456C68965B9B48A39848"
deps_digest = "F8BBB0CCB2491CA29A3DF03D6F92277A4F3574266507ACD77214D37ECA3F3082"
dependencies = [
  { id = "Iota", name = "Iota" },
]

[[move.package]]
id = "Iota"
source = { git = "https://github.com/iotaledger/iota.git", rev = "testnet", subdir = "crates/iota-framework/packages/iota-framework" }

dependencies = [
  { id = "MoveStdlib", name = "MoveStdlib" },
]

[[move.package]]
id = "MoveStdlib"
source = { git = "https://github.com/iotaledger/iota.git", rev = "testnet", subdir = "crates/iota-framework/packages/move-stdlib" }

[move.toolchain-version]
compiler-version = "1.2.2-rc"
edition = "2024.beta"
flavor = "iota"

[env]

[env.localnet]
chain-id = "92878358"
original-published-id = "0x18f2d1f6ea0d29a35559578b4693622073e3d0999085783a25740b7588b19093"
latest-published-id = "0x18f2d1f6ea0d29a35559578b4693622073e3d0999085783a25740b7588b19093"
published-version = "1"
