# @generated by Move, please check-in and do not edit manually.

[move]
version = 3
manifest_digest = "FCFE628621518F26708DFA2A834440E50F770A4671DB456C68965B9B48A39848"
deps_digest = "F8BBB0CCB2491CA29A3DF03D6F92277A4F3574266507ACD77214D37ECA3F3082"
dependencies = [
  { id = "Iota", name = "Iota" },
]

[[move.package]]
id = "Iota"
source = { git = "https://github.com/iotaledger/iota.git", rev = "testnet", subdir = "crates/iota-framework/packages/iota-framework" }

dependencies = [
  { id = "MoveStdlib", name = "MoveStdlib" },
]

[[move.package]]
id = "MoveStdlib"
source = { git = "https://github.com/iotaledger/iota.git", rev = "testnet", subdir = "crates/iota-framework/packages/move-stdlib" }

[move.toolchain-version]
compiler-version = "1.2.2-rc"
edition = "2024.beta"
flavor = "iota"

[env]

[env.localnet]
chain-id = "308a35e5"
original-published-id = "0xa156be06a09e0b0aa39c0364f5c6433500fbd9561e831274a0e12970ba4d4182"
latest-published-id = "0xa156be06a09e0b0aa39c0364f5c6433500fbd9561e831274a0e12970ba4d4182"
published-version = "1"
